{
  "name": "immutable-js-deno",
  "version": "1.0.0",
  "lockfileVersion": 2,
  "requires": true,
  "packages": {
    "": {
      "version": "1.0.0",
      "license": "ISC",
      "devDependencies": {
        "immutable": "^4.0.0-rc.14"
      }
    },
    "node_modules/immutable": {
      "version": "4.0.0-rc.14",
      "resolved": "https://registry.npmjs.org/immutable/-/immutable-4.0.0-rc.14.tgz",
      "integrity": "sha512-pfkvmRKJSoW7JFx0QeYlAmT+kNYvn5j0u7bnpNq4N2RCvHSTlLT208G8jgaquNe+Q8kCPHKOSpxJkyvLDpYq0w==",
      "dev": true
    }
  },
  "dependencies": {
    "immutable": {
      "version": "4.0.0-rc.14",
      "resolved": "https://registry.npmjs.org/immutable/-/immutable-4.0.0-rc.14.tgz",
      "integrity": "sha512-pfkvmRKJSoW7JFx0QeYlAmT+kNYvn5j0u7bnpNq4N2RCvHSTlLT208G8jgaquNe+Q8kCPHKOSpxJkyvLDpYq0w==",
      "dev": true
    }
  }
}
